<?xml version="1.0" encoding="UTF-8" standalone="yes" ?>
<CodeBlocks_project_file>
	<FileVersion major="1" minor="6" />
	<Project>
		<Option title="RetroPizzaOS" />
		<Option pch_mode="2" />
		<Option compiler="gcc" />
		<Build>
			<Target title="Debug">
				<Option output="bin/Debug/RetroPizzaOS" prefix_auto="1" extension_auto="1" />
				<Option object_output="obj/Debug/" />
				<Option type="1" />
				<Option compiler="gcc" />
				<Compiler>
					<Add option="-g" />
					<Add directory="Controllers" />
					<Add directory="Models" />
					<Add directory="Views" />
					<Add directory="Database" />
					<Add directory="Controller" />
				</Compiler>
			</Target>
			<Target title="Release">
				<Option output="bin/Release/RetroPizzaOS" prefix_auto="1" extension_auto="1" />
				<Option object_output="obj/Release/" />
				<Option type="1" />
				<Option compiler="gcc" />
				<Compiler>
					<Add option="-O2" />
					<Add directory="Controllers" />
					<Add directory="Models" />
					<Add directory="Views" />
					<Add directory="Database" />
					<Add directory="Controller" />
				</Compiler>
				<Linker>
					<Add option="-s" />
				</Linker>
			</Target>
		</Build>
		<Compiler>
			<Add option="-Wall" />
			<Add option="-fexceptions" />
			<Add directory="Controllers" />
			<Add directory="Views" />
			<Add directory="Helpers" />
			<Add directory="Models" />
		</Compiler>
		<Unit filename="Controllers/AdminMenuController.cpp" />
		<Unit filename="Controllers/AdminMenuController.h" />
		<Unit filename="Controllers/BakersMenuController.cpp" />
		<Unit filename="Controllers/BakersMenuController.h" />
		<Unit filename="Controllers/DeliveryController.cpp" />
		<Unit filename="Controllers/DeliveryController.h" />
		<Unit filename="Controllers/DeliveryMenuController.cpp" />
		<Unit filename="Controllers/DeliveryMenuController.h" />
		<Unit filename="Controllers/MainMenuController.cpp" />
		<Unit filename="Controllers/MainMenuController.h" />
		<Unit filename="Controllers/SalesMenuController.cpp" />
		<Unit filename="Controllers/SalesMenuController.h" />
		<Unit filename="Database/Database.cpp" />
		<Unit filename="Database/Database.h" />
		<Unit filename="Helpers/GlobalHelpers.cpp" />
		<Unit filename="Helpers/GlobalHelpers.h" />
		<Unit filename="Models/Afhendingastadir.h" />
		<Unit filename="Models/Alegg.cpp" />
		<Unit filename="Models/Alegg.h" />
		<Unit filename="Models/Medlaeti.cpp" />
		<Unit filename="Models/Medlaeti.h" />
		<Unit filename="Models/Pizza.cpp" />
		<Unit filename="Models/Pizza.h" />
		<Unit filename="Views/AdminMenuView.cpp" />
		<Unit filename="Views/AdminMenuView.h" />
		<Unit filename="Views/BakersMenuView.cpp" />
		<Unit filename="Views/BakersMenuView.h" />
		<Unit filename="Views/DeliveryMenuView.cpp" />
		<Unit filename="Views/DeliveryMenuView.h" />
		<Unit filename="Views/GlobalView.cpp" />
		<Unit filename="Views/GlobalView.h" />
		<Unit filename="Views/MainMenuView.cpp" />
		<Unit filename="Views/MainMenuView.h" />
		<Unit filename="Views/SalesMenuView.cpp" />
		<Unit filename="Views/SalesMenuView.h" />
		<Unit filename="main.cpp" />
		<Extensions>
			<code_completion />
			<envvars />
			<debugger />
		</Extensions>
	</Project>
</CodeBlocks_project_file>
